
Microsoft Visual Studio Solution File, Format Version 12.00
# Visual Studio 15
VisualStudioVersion = 15.0.28307.902
MinimumVisualStudioVersion = 10.0.40219.1
Project("{F184B08F-C81C-45F6-A57F-5ABD9991F28F}") = "how_to_close_specific_form_ithelp_WindowsApp", "how_to_close_specific_form_ithelp_WindowsApp.vbproj", "{B07AFBD1-0022-4325-92E2-5D07340CD44A}"
EndProject
Global
	GlobalSection(SolutionConfigurationPlatforms) = preSolution
		Debug|Any CPU = Debug|Any CPU
		Release|Any CPU = Release|Any CPU
	EndGlobalSection
	GlobalSection(ProjectConfigurationPlatforms) = postSolution
		{B07AFBD1-0022-4325-92E2-5D07340CD44A}.Debug|Any CPU.ActiveCfg = Debug|Any CPU
		{B07AFBD1-0022-4325-92E2-5D07340CD44A}.Debug|Any CPU.Build.0 = Debug|Any CPU
		{B07AFBD1-0022-4325-92E2-5D07340CD44A}.Release|Any CPU.ActiveCfg = Release|Any CPU
		{B07AFBD1-0022-4325-92E2-5D07340CD44A}.Release|Any CPU.Build.0 = Release|Any CPU
	EndGlobalSection
	GlobalSection(SolutionProperties) = preSolution
		HideSolutionNode = FALSE
	EndGlobalSection
	GlobalSection(ExtensibilityGlobals) = postSolution
		SolutionGuid = {344E76E9-D0AE-480F-BF9A-F06F8C8D4F78}
	EndGlobalSection
EndGlobal
